Microsoft Visual Studio Solution File, Format Version 11.00
# Visual Studio 2008

Project("{45C02C5A-C114-373D-F224-E3466BA2CD7A}") = "SP4", "Assembly-CSharp.csproj", "{CB642618-F215-E5DE-4A45-BBF3A32203A0}"
EndProject
Global
	GlobalSection(SolutionConfigurationPlatforms) = preSolution
		Debug|Any CPU = Debug|Any CPU
		Release|Any CPU = Release|Any CPU
	EndGlobalSection
	GlobalSection(ProjectConfigurationPlatforms) = postSolution
		{CB642618-F215-E5DE-4A45-BBF3A32203A0}.Debug|Any CPU.ActiveCfg = Debug|Any CPU
		{CB642618-F215-E5DE-4A45-BBF3A32203A0}.Debug|Any CPU.Build.0 = Debug|Any CPU
		{CB642618-F215-E5DE-4A45-BBF3A32203A0}.Release|Any CPU.ActiveCfg = Release|Any CPU
		{CB642618-F215-E5DE-4A45-BBF3A32203A0}.Release|Any CPU.Build.0 = Release|Any CPU
	EndGlobalSection
	GlobalSection(SolutionProperties) = preSolution
		HideSolutionNode = FALSE
	EndGlobalSection
	GlobalSection(MonoDevelopProperties) = preSolution
		StartupItem = Assembly-CSharp.csproj
	EndGlobalSection
EndGlobal
