
Microsoft Visual Studio Solution File, Format Version 12.00
# Visual Studio 2015
Project("{FAE04EC0-301F-11D3-BF4B-00C04F79EFBC}") = "SP4_LegendOfZelda", "SP4_LegendOfZelda.csproj", "{0B080AAA-7180-7890-7F62-C521C501AB47}"
EndProject
Project("{FAE04EC0-301F-11D3-BF4B-00C04F79EFBC}") = "SP4_LegendOfZelda.Editor", "SP4_LegendOfZelda.Editor.csproj", "{6728F53E-3A18-A1EB-51B4-A3A1D9034964}"
EndProject
Global
	GlobalSection(SolutionConfigurationPlatforms) = preSolution
		Debug|Any CPU = Debug|Any CPU
		Release|Any CPU = Release|Any CPU
	EndGlobalSection
	GlobalSection(ProjectConfigurationPlatforms) = postSolution
		{0B080AAA-7180-7890-7F62-C521C501AB47}.Debug|Any CPU.ActiveCfg = Debug|Any CPU
		{0B080AAA-7180-7890-7F62-C521C501AB47}.Debug|Any CPU.Build.0 = Debug|Any CPU
		{0B080AAA-7180-7890-7F62-C521C501AB47}.Release|Any CPU.ActiveCfg = Release|Any CPU
		{0B080AAA-7180-7890-7F62-C521C501AB47}.Release|Any CPU.Build.0 = Release|Any CPU
		{6728F53E-3A18-A1EB-51B4-A3A1D9034964}.Debug|Any CPU.ActiveCfg = Debug|Any CPU
		{6728F53E-3A18-A1EB-51B4-A3A1D9034964}.Debug|Any CPU.Build.0 = Debug|Any CPU
		{6728F53E-3A18-A1EB-51B4-A3A1D9034964}.Release|Any CPU.ActiveCfg = Release|Any CPU
		{6728F53E-3A18-A1EB-51B4-A3A1D9034964}.Release|Any CPU.Build.0 = Release|Any CPU
	EndGlobalSection
	GlobalSection(SolutionProperties) = preSolution
		HideSolutionNode = FALSE
	EndGlobalSection
EndGlobal
